// !$*UTF8*$!
{
	archiveVersion = 1;
	classes = {
	};
	objectVersion = 46;
	objects = {

/* Begin PBXBuildFile section */
		A48B6A7E1F1870B1002B6192 /* main.m in Sources */ = {isa = PBXBuildFile; fileRef = A48B6A7D1F1870B1002B6192 /* main.m */; };
		A48B6A811F1870B1002B6192 /* AppDelegate.m in Sources */ = {isa = PBXBuildFile; fileRef = A48B6A801F1870B1002B6192 /* AppDelegate.m */; };
		A48B6A841F1870B1002B6192 /* ViewController.m in Sources */ = {isa = PBXBuildFile; fileRef = A48B6A831F1870B1002B6192 /* ViewController.m */; };
		A48B6A871F1870B1002B6192 /* Main.storyboard in Resources */ = {isa = PBXBuildFile; fileRef = A48B6A851F1870B1002B6192 /* Main.storyboard */; };
		A48B6A891F1870B1002B6192 /* Assets.xcassets in Resources */ = {isa = PBXBuildFile; fileRef = A48B6A881F1870B1002B6192 /* Assets.xcassets */; };
		A48B6A8C1F1870B1002B6192 /* LaunchScreen.storyboard in Resources */ = {isa = PBXBuildFile; fileRef = A48B6A8A1F1870B1002B6192 /* LaunchScreen.storyboard */; };
/* End PBXBuildFile section */

/* Begin PBXFileReference section */
		23D24B03394AE2F1B62547F8 /* Pods-WZHLibrary.release.xcconfig */ = {isa = PBXFileReference; includeInIndex = 1; lastKnownFileType = text.xcconfig; name = "Pods-WZHLibrary.release.xcconfig"; path = "Pods/Target Support Files/Pods-WZHLibrary/Pods-WZHLibrary.release.xcconfig"; sourceTree = "<group>"; };
		3DA72AACC019D724B0745345 /* Pods-WZHLibrary.debug.xcconfig */ = {isa = PBXFileReference; includeInIndex = 1; lastKnownFileType = text.xcconfig; name = "Pods-WZHLibrary.debug.xcconfig"; path = "Pods/Target Support Files/Pods-WZHLibrary/Pods-WZHLibrary.debug.xcconfig"; sourceTree = "<group>"; };
		4A8B0F5C2A90BBE98141755A /* libPods-WZHLibrary.a */ = {isa = PBXFileReference; explicitFileType = archive.ar; includeInIndex = 0; path = "libPods-WZHLibrary.a"; sourceTree = BUILT_PRODUCTS_DIR; };
		A43CADD11EC59C18005A670D /* UIView+QHEmptyView.h */ = {isa = PBXFileReference; fileEncoding = 4; lastKnownFileType = sourcecode.c.h; path = "UIView+QHEmptyView.h"; sourceTree = "<group>"; };
		A43CADD21EC59C18005A670D /* UIView+QHEmptyView.m */ = {isa = PBXFileReference; fileEncoding = 4; lastKnownFileType = sourcecode.c.objc; path = "UIView+QHEmptyView.m"; sourceTree = "<group>"; };
		A43CADD41EC5A9FD005A670D /* empty_nomarl@2x.png */ = {isa = PBXFileReference; lastKnownFileType = image.png; path = "empty_nomarl@2x.png"; sourceTree = "<group>"; };
		A43CADD71EC5C0EF005A670D /* QHProgressHub.h */ = {isa = PBXFileReference; fileEncoding = 4; lastKnownFileType = sourcecode.c.h; path = QHProgressHub.h; sourceTree = "<group>"; };
		A43CADD81EC5C0EF005A670D /* QHProgressHub.m */ = {isa = PBXFileReference; fileEncoding = 4; lastKnownFileType = sourcecode.c.objc; path = QHProgressHub.m; sourceTree = "<group>"; };
		A43CADDB1EC6A711005A670D /* QHLoadingView.h */ = {isa = PBXFileReference; fileEncoding = 4; lastKnownFileType = sourcecode.c.h; path = QHLoadingView.h; sourceTree = "<group>"; };
		A43CADDC1EC6A711005A670D /* QHLoadingView.m */ = {isa = PBXFileReference; fileEncoding = 4; lastKnownFileType = sourcecode.c.objc; path = QHLoadingView.m; sourceTree = "<group>"; };
		A43CADDE1EC70466005A670D /* loading_image_center@2x.png */ = {isa = PBXFileReference; lastKnownFileType = image.png; path = "loading_image_center@2x.png"; sourceTree = "<group>"; };
		A43CADDF1EC70466005A670D /* loading_image_circle@2x.png */ = {isa = PBXFileReference; lastKnownFileType = image.png; path = "loading_image_circle@2x.png"; sourceTree = "<group>"; };
		A476A4141EE13915009DC615 /* LoopCollectionViewCell.h */ = {isa = PBXFileReference; fileEncoding = 4; lastKnownFileType = sourcecode.c.h; path = LoopCollectionViewCell.h; sourceTree = "<group>"; };
		A476A4151EE13915009DC615 /* LoopCollectionViewCell.m */ = {isa = PBXFileReference; fileEncoding = 4; lastKnownFileType = sourcecode.c.objc; path = LoopCollectionViewCell.m; sourceTree = "<group>"; };
		A476A4171EE13F94009DC615 /* loop_place@2x.png */ = {isa = PBXFileReference; lastKnownFileType = image.png; path = "loop_place@2x.png"; sourceTree = "<group>"; };
		A476A4191EE14E33009DC615 /* LoopCollectionViewLayoutFold2.h */ = {isa = PBXFileReference; fileEncoding = 4; lastKnownFileType = sourcecode.c.h; path = LoopCollectionViewLayoutFold2.h; sourceTree = "<group>"; };
		A476A41A1EE14E33009DC615 /* LoopCollectionViewLayoutFold2.m */ = {isa = PBXFileReference; fileEncoding = 4; lastKnownFileType = sourcecode.c.objc; path = LoopCollectionViewLayoutFold2.m; sourceTree = "<group>"; };
		A476A41C1EE14F95009DC615 /* LoopCollectionViewLayout3DFlow.h */ = {isa = PBXFileReference; fileEncoding = 4; lastKnownFileType = sourcecode.c.h; path = LoopCollectionViewLayout3DFlow.h; sourceTree = "<group>"; };
		A476A41D1EE14F95009DC615 /* LoopCollectionViewLayout3DFlow.m */ = {isa = PBXFileReference; fileEncoding = 4; lastKnownFileType = sourcecode.c.objc; path = LoopCollectionViewLayout3DFlow.m; sourceTree = "<group>"; };
		A47DA0831ECA8E6D003BB054 /* QHAlertView.h */ = {isa = PBXFileReference; fileEncoding = 4; lastKnownFileType = sourcecode.c.h; path = QHAlertView.h; sourceTree = "<group>"; };
		A47DA0841ECA8E6D003BB054 /* QHAlertView.m */ = {isa = PBXFileReference; fileEncoding = 4; lastKnownFileType = sourcecode.c.objc; path = QHAlertView.m; sourceTree = "<group>"; };
		A48B6A7A1F1870B1002B6192 /* QHLibraryExample.app */ = {isa = PBXFileReference; explicitFileType = wrapper.application; includeInIndex = 0; path = QHLibraryExample.app; sourceTree = BUILT_PRODUCTS_DIR; };
		A48B6A7D1F1870B1002B6192 /* main.m */ = {isa = PBXFileReference; lastKnownFileType = sourcecode.c.objc; path = main.m; sourceTree = "<group>"; };
		A48B6A7F1F1870B1002B6192 /* AppDelegate.h */ = {isa = PBXFileReference; lastKnownFileType = sourcecode.c.h; path = AppDelegate.h; sourceTree = "<group>"; };
		A48B6A801F1870B1002B6192 /* AppDelegate.m */ = {isa = PBXFileReference; lastKnownFileType = sourcecode.c.objc; path = AppDelegate.m; sourceTree = "<group>"; };
		A48B6A821F1870B1002B6192 /* ViewController.h */ = {isa = PBXFileReference; lastKnownFileType = sourcecode.c.h; path = ViewController.h; sourceTree = "<group>"; };
		A48B6A831F1870B1002B6192 /* ViewController.m */ = {isa = PBXFileReference; lastKnownFileType = sourcecode.c.objc; path = ViewController.m; sourceTree = "<group>"; };
		A48B6A861F1870B1002B6192 /* Base */ = {isa = PBXFileReference; lastKnownFileType = file.storyboard; name = Base; path = Base.lproj/Main.storyboard; sourceTree = "<group>"; };
		A48B6A881F1870B1002B6192 /* Assets.xcassets */ = {isa = PBXFileReference; lastKnownFileType = folder.assetcatalog; path = Assets.xcassets; sourceTree = "<group>"; };
		A48B6A8B1F1870B1002B6192 /* Base */ = {isa = PBXFileReference; lastKnownFileType = file.storyboard; name = Base; path = Base.lproj/LaunchScreen.storyboard; sourceTree = "<group>"; };
		A48B6A8D1F1870B1002B6192 /* Info.plist */ = {isa = PBXFileReference; lastKnownFileType = text.plist.xml; path = Info.plist; sourceTree = "<group>"; };
		A49AFDC31F1855ED00F11FD3 /* QHWebViewController.h */ = {isa = PBXFileReference; fileEncoding = 4; lastKnownFileType = sourcecode.c.h; path = QHWebViewController.h; sourceTree = "<group>"; };
		A49AFDC41F1855ED00F11FD3 /* QHWebViewController.m */ = {isa = PBXFileReference; fileEncoding = 4; lastKnownFileType = sourcecode.c.objc; path = QHWebViewController.m; sourceTree = "<group>"; };
		A4A929071ECADDC700005722 /* NSDictionary+QHSafeConvert.h */ = {isa = PBXFileReference; fileEncoding = 4; lastKnownFileType = sourcecode.c.h; path = "NSDictionary+QHSafeConvert.h"; sourceTree = "<group>"; };
		A4A929081ECADDC700005722 /* NSDictionary+QHSafeConvert.m */ = {isa = PBXFileReference; fileEncoding = 4; lastKnownFileType = sourcecode.c.objc; path = "NSDictionary+QHSafeConvert.m"; sourceTree = "<group>"; };
		A4A929091ECADDC700005722 /* NSString+QHValidate.h */ = {isa = PBXFileReference; fileEncoding = 4; lastKnownFileType = sourcecode.c.h; path = "NSString+QHValidate.h"; sourceTree = "<group>"; };
		A4A9290A1ECADDC700005722 /* NSString+QHValidate.m */ = {isa = PBXFileReference; fileEncoding = 4; lastKnownFileType = sourcecode.c.objc; path = "NSString+QHValidate.m"; sourceTree = "<group>"; };
		A4A9290B1ECADDC700005722 /* UIColor+QHConvert.h */ = {isa = PBXFileReference; fileEncoding = 4; lastKnownFileType = sourcecode.c.h; path = "UIColor+QHConvert.h"; sourceTree = "<group>"; };
		A4A9290C1ECADDC700005722 /* UIColor+QHConvert.m */ = {isa = PBXFileReference; fileEncoding = 4; lastKnownFileType = sourcecode.c.objc; path = "UIColor+QHConvert.m"; sourceTree = "<group>"; };
		A4A9290D1ECADDC700005722 /* UIView+QHFrameLayout.h */ = {isa = PBXFileReference; fileEncoding = 4; lastKnownFileType = sourcecode.c.h; path = "UIView+QHFrameLayout.h"; sourceTree = "<group>"; };
		A4A9290E1ECADDC700005722 /* UIView+QHFrameLayout.m */ = {isa = PBXFileReference; fileEncoding = 4; lastKnownFileType = sourcecode.c.objc; path = "UIView+QHFrameLayout.m"; sourceTree = "<group>"; };
		A4A9290F1ECADDC700005722 /* UIImage+QHReDraw.h */ = {isa = PBXFileReference; fileEncoding = 4; lastKnownFileType = sourcecode.c.h; path = "UIImage+QHReDraw.h"; sourceTree = "<group>"; };
		A4A929101ECADDC700005722 /* UIImage+QHReDraw.m */ = {isa = PBXFileReference; fileEncoding = 4; lastKnownFileType = sourcecode.c.objc; path = "UIImage+QHReDraw.m"; sourceTree = "<group>"; };
		A4A929161ECAF76E00005722 /* UIView+QHDraw.h */ = {isa = PBXFileReference; fileEncoding = 4; lastKnownFileType = sourcecode.c.h; path = "UIView+QHDraw.h"; sourceTree = "<group>"; };
		A4A929171ECAF76E00005722 /* UIView+QHDraw.m */ = {isa = PBXFileReference; fileEncoding = 4; lastKnownFileType = sourcecode.c.objc; path = "UIView+QHDraw.m"; sourceTree = "<group>"; };
		A4A9291A1ECB004800005722 /* LoopScrollView.h */ = {isa = PBXFileReference; fileEncoding = 4; lastKnownFileType = sourcecode.c.h; path = LoopScrollView.h; sourceTree = "<group>"; };
		A4A9291B1ECB004800005722 /* LoopScrollView.m */ = {isa = PBXFileReference; fileEncoding = 4; lastKnownFileType = sourcecode.c.objc; path = LoopScrollView.m; sourceTree = "<group>"; };
		A4A9291E1ECB045600005722 /* QHBackgroundTimerManager.h */ = {isa = PBXFileReference; fileEncoding = 4; lastKnownFileType = sourcecode.c.h; path = QHBackgroundTimerManager.h; sourceTree = "<group>"; };
		A4A9291F1ECB045600005722 /* QHBackgroundTimerManager.m */ = {isa = PBXFileReference; fileEncoding = 4; lastKnownFileType = sourcecode.c.objc; path = QHBackgroundTimerManager.m; sourceTree = "<group>"; };
		A4A929211ECB04DD00005722 /* QHTimerManager.h */ = {isa = PBXFileReference; fileEncoding = 4; lastKnownFileType = sourcecode.c.h; path = QHTimerManager.h; sourceTree = "<group>"; };
		A4A929221ECB04DD00005722 /* QHTimerManager.m */ = {isa = PBXFileReference; fileEncoding = 4; lastKnownFileType = sourcecode.c.objc; path = QHTimerManager.m; sourceTree = "<group>"; };
		A4D7E9971F1850F3005AB5D3 /* WMPanGestureRecognizer.h */ = {isa = PBXFileReference; fileEncoding = 4; lastKnownFileType = sourcecode.c.h; path = WMPanGestureRecognizer.h; sourceTree = "<group>"; };
		A4D7E9981F1850F3005AB5D3 /* WMPanGestureRecognizer.m */ = {isa = PBXFileReference; fileEncoding = 4; lastKnownFileType = sourcecode.c.objc; path = WMPanGestureRecognizer.m; sourceTree = "<group>"; };
		A4D7E99A1F1850F3005AB5D3 /* WMMenuItem.h */ = {isa = PBXFileReference; fileEncoding = 4; lastKnownFileType = sourcecode.c.h; path = WMMenuItem.h; sourceTree = "<group>"; };
		A4D7E99B1F1850F3005AB5D3 /* WMMenuItem.m */ = {isa = PBXFileReference; fileEncoding = 4; lastKnownFileType = sourcecode.c.objc; path = WMMenuItem.m; sourceTree = "<group>"; };
		A4D7E99C1F1850F3005AB5D3 /* WMMenuView.h */ = {isa = PBXFileReference; fileEncoding = 4; lastKnownFileType = sourcecode.c.h; path = WMMenuView.h; sourceTree = "<group>"; };
		A4D7E99D1F1850F3005AB5D3 /* WMMenuView.m */ = {isa = PBXFileReference; fileEncoding = 4; lastKnownFileType = sourcecode.c.objc; path = WMMenuView.m; sourceTree = "<group>"; };
		A4D7E99E1F1850F3005AB5D3 /* WMProgressView.h */ = {isa = PBXFileReference; fileEncoding = 4; lastKnownFileType = sourcecode.c.h; path = WMProgressView.h; sourceTree = "<group>"; };
		A4D7E99F1F1850F3005AB5D3 /* WMProgressView.m */ = {isa = PBXFileReference; fileEncoding = 4; lastKnownFileType = sourcecode.c.objc; path = WMProgressView.m; sourceTree = "<group>"; };
		A4D7E9A01F1850F3005AB5D3 /* WMScrollView.h */ = {isa = PBXFileReference; fileEncoding = 4; lastKnownFileType = sourcecode.c.h; path = WMScrollView.h; sourceTree = "<group>"; };
		A4D7E9A11F1850F3005AB5D3 /* WMScrollView.m */ = {isa = PBXFileReference; fileEncoding = 4; lastKnownFileType = sourcecode.c.objc; path = WMScrollView.m; sourceTree = "<group>"; };
		A4D7E9A21F1850F3005AB5D3 /* WMPageController.h */ = {isa = PBXFileReference; fileEncoding = 4; lastKnownFileType = sourcecode.c.h; path = WMPageController.h; sourceTree = "<group>"; };
		A4D7E9A31F1850F3005AB5D3 /* WMPageController.m */ = {isa = PBXFileReference; fileEncoding = 4; lastKnownFileType = sourcecode.c.objc; path = WMPageController.m; sourceTree = "<group>"; };
		A4F1AAC11ECC1F6C008DFA74 /* LoopCollectionViewLayoutFold1.h */ = {isa = PBXFileReference; fileEncoding = 4; lastKnownFileType = sourcecode.c.h; path = LoopCollectionViewLayoutFold1.h; sourceTree = "<group>"; };
		A4F1AAC21ECC1F6C008DFA74 /* LoopCollectionViewLayoutFold1.m */ = {isa = PBXFileReference; fileEncoding = 4; lastKnownFileType = sourcecode.c.objc; path = LoopCollectionViewLayoutFold1.m; sourceTree = "<group>"; };
/* End PBXFileReference section */

/* Begin PBXFrameworksBuildPhase section */
		A48B6A771F1870B1002B6192 /* Frameworks */ = {
			isa = PBXFrameworksBuildPhase;
			buildActionMask = 2147483647;
			files = (
			);
			runOnlyForDeploymentPostprocessing = 0;
		};
/* End PBXFrameworksBuildPhase section */

/* Begin PBXGroup section */
		86C3823A203CBA8FE2DA3080 /* Frameworks */ = {
			isa = PBXGroup;
			children = (
				4A8B0F5C2A90BBE98141755A /* libPods-WZHLibrary.a */,
			);
			name = Frameworks;
			sourceTree = "<group>";
		};
		9ACF99508893D41580B433A5 /* Pods */ = {
			isa = PBXGroup;
			children = (
				3DA72AACC019D724B0745345 /* Pods-WZHLibrary.debug.xcconfig */,
				23D24B03394AE2F1B62547F8 /* Pods-WZHLibrary.release.xcconfig */,
			);
			name = Pods;
			sourceTree = "<group>";
		};
		A43CADAA1EC59A47005A670D = {
			isa = PBXGroup;
			children = (
				A43CADB51EC59A47005A670D /* QHLibrary */,
				A48B6A7B1F1870B1002B6192 /* QHLibraryExample */,
				A43CADB41EC59A47005A670D /* Products */,
				9ACF99508893D41580B433A5 /* Pods */,
				86C3823A203CBA8FE2DA3080 /* Frameworks */,
			);
			sourceTree = "<group>";
		};
		A43CADB41EC59A47005A670D /* Products */ = {
			isa = PBXGroup;
			children = (
				A48B6A7A1F1870B1002B6192 /* QHLibraryExample.app */,
			);
			name = Products;
			sourceTree = "<group>";
		};
		A43CADB51EC59A47005A670D /* QHLibrary */ = {
			isa = PBXGroup;
			children = (
				A48159911F1851F400C09CBB /* QHWebController */,
				A482715A1EEBED4200F7A062 /* SlideTabViewController */,
				A476A4211EE15878009DC615 /* QHViewControllerTransitionAnimation */,
				A476A4201EE1524E009DC615 /* QHImageBrowser */,
				A476A41F1EE15242009DC615 /* QHRefresh */,
				A4A9291D1ECB042800005722 /* Others */,
				A4A929061ECACEDD00005722 /* QHLoopScrollView */,
				A47DA0861ECA9B87003BB054 /* Category */,
				A43CADDA1EC5C22F005A670D /* QHAlertView */,
				A43CADD61EC5C07C005A670D /* QHHub */,
				A43CADCD1EC59A4D005A670D /* QHEmptyView */,
			);
			path = QHLibrary;
			sourceTree = "<group>";
		};
		A43CADCD1EC59A4D005A670D /* QHEmptyView */ = {
			isa = PBXGroup;
			children = (
				A43CADD11EC59C18005A670D /* UIView+QHEmptyView.h */,
				A43CADD21EC59C18005A670D /* UIView+QHEmptyView.m */,
				A43CADD41EC5A9FD005A670D /* empty_nomarl@2x.png */,
			);
			path = QHEmptyView;
			sourceTree = "<group>";
		};
		A43CADD61EC5C07C005A670D /* QHHub */ = {
			isa = PBXGroup;
			children = (
				A43CADD71EC5C0EF005A670D /* QHProgressHub.h */,
				A43CADD81EC5C0EF005A670D /* QHProgressHub.m */,
				A43CADDB1EC6A711005A670D /* QHLoadingView.h */,
				A43CADDC1EC6A711005A670D /* QHLoadingView.m */,
				A43CADDE1EC70466005A670D /* loading_image_center@2x.png */,
				A43CADDF1EC70466005A670D /* loading_image_circle@2x.png */,
			);
			path = QHHub;
			sourceTree = "<group>";
		};
		A43CADDA1EC5C22F005A670D /* QHAlertView */ = {
			isa = PBXGroup;
			children = (
				A47DA0831ECA8E6D003BB054 /* QHAlertView.h */,
				A47DA0841ECA8E6D003BB054 /* QHAlertView.m */,
			);
			path = QHAlertView;
			sourceTree = "<group>";
		};
		A476A41F1EE15242009DC615 /* QHRefresh */ = {
			isa = PBXGroup;
			children = (
			);
			path = QHRefresh;
			sourceTree = "<group>";
		};
		A476A4201EE1524E009DC615 /* QHImageBrowser */ = {
			isa = PBXGroup;
			children = (
			);
			path = QHImageBrowser;
			sourceTree = "<group>";
		};
		A476A4211EE15878009DC615 /* QHViewControllerTransitionAnimation */ = {
			isa = PBXGroup;
			children = (
			);
			path = QHViewControllerTransitionAnimation;
			sourceTree = "<group>";
		};
		A47DA0861ECA9B87003BB054 /* Category */ = {
			isa = PBXGroup;
			children = (
				A4A929071ECADDC700005722 /* NSDictionary+QHSafeConvert.h */,
				A4A929081ECADDC700005722 /* NSDictionary+QHSafeConvert.m */,
				A4A929091ECADDC700005722 /* NSString+QHValidate.h */,
				A4A9290A1ECADDC700005722 /* NSString+QHValidate.m */,
				A4A9290B1ECADDC700005722 /* UIColor+QHConvert.h */,
				A4A9290C1ECADDC700005722 /* UIColor+QHConvert.m */,
				A4A9290D1ECADDC700005722 /* UIView+QHFrameLayout.h */,
				A4A9290E1ECADDC700005722 /* UIView+QHFrameLayout.m */,
				A4A9290F1ECADDC700005722 /* UIImage+QHReDraw.h */,
				A4A929101ECADDC700005722 /* UIImage+QHReDraw.m */,
				A4A929161ECAF76E00005722 /* UIView+QHDraw.h */,
				A4A929171ECAF76E00005722 /* UIView+QHDraw.m */,
			);
			path = Category;
			sourceTree = "<group>";
		};
		A48159911F1851F400C09CBB /* QHWebController */ = {
			isa = PBXGroup;
			children = (
				A49AFDC31F1855ED00F11FD3 /* QHWebViewController.h */,
				A49AFDC41F1855ED00F11FD3 /* QHWebViewController.m */,
			);
			path = QHWebController;
			sourceTree = "<group>";
		};
		A482715A1EEBED4200F7A062 /* SlideTabViewController */ = {
			isa = PBXGroup;
			children = (
				A4D7E9951F1850F3005AB5D3 /* WMPageController */,
			);
			path = SlideTabViewController;
			sourceTree = "<group>";
		};
		A48B6A7B1F1870B1002B6192 /* QHLibraryExample */ = {
			isa = PBXGroup;
			children = (
				A48B6A7F1F1870B1002B6192 /* AppDelegate.h */,
				A48B6A801F1870B1002B6192 /* AppDelegate.m */,
				A48B6A821F1870B1002B6192 /* ViewController.h */,
				A48B6A831F1870B1002B6192 /* ViewController.m */,
				A48B6A851F1870B1002B6192 /* Main.storyboard */,
				A48B6A881F1870B1002B6192 /* Assets.xcassets */,
				A48B6A8A1F1870B1002B6192 /* LaunchScreen.storyboard */,
				A48B6A8D1F1870B1002B6192 /* Info.plist */,
				A48B6A7C1F1870B1002B6192 /* Supporting Files */,
			);
			path = QHLibraryExample;
			sourceTree = "<group>";
		};
		A48B6A7C1F1870B1002B6192 /* Supporting Files */ = {
			isa = PBXGroup;
			children = (
				A48B6A7D1F1870B1002B6192 /* main.m */,
			);
			name = "Supporting Files";
			sourceTree = "<group>";
		};
		A4A929061ECACEDD00005722 /* QHLoopScrollView */ = {
			isa = PBXGroup;
			children = (
				A4A9291A1ECB004800005722 /* LoopScrollView.h */,
				A4A9291B1ECB004800005722 /* LoopScrollView.m */,
				A476A4141EE13915009DC615 /* LoopCollectionViewCell.h */,
				A476A4151EE13915009DC615 /* LoopCollectionViewCell.m */,
				A476A4171EE13F94009DC615 /* loop_place@2x.png */,
				A4F1AAC11ECC1F6C008DFA74 /* LoopCollectionViewLayoutFold1.h */,
				A4F1AAC21ECC1F6C008DFA74 /* LoopCollectionViewLayoutFold1.m */,
				A476A4191EE14E33009DC615 /* LoopCollectionViewLayoutFold2.h */,
				A476A41A1EE14E33009DC615 /* LoopCollectionViewLayoutFold2.m */,
				A476A41C1EE14F95009DC615 /* LoopCollectionViewLayout3DFlow.h */,
				A476A41D1EE14F95009DC615 /* LoopCollectionViewLayout3DFlow.m */,
			);
			path = QHLoopScrollView;
			sourceTree = "<group>";
		};
		A4A9291D1ECB042800005722 /* Others */ = {
			isa = PBXGroup;
			children = (
				A4A9291E1ECB045600005722 /* QHBackgroundTimerManager.h */,
				A4A9291F1ECB045600005722 /* QHBackgroundTimerManager.m */,
				A4A929211ECB04DD00005722 /* QHTimerManager.h */,
				A4A929221ECB04DD00005722 /* QHTimerManager.m */,
			);
			path = Others;
			sourceTree = "<group>";
		};
		A4D7E9951F1850F3005AB5D3 /* WMPageController */ = {
			isa = PBXGroup;
			children = (
				A4D7E9961F1850F3005AB5D3 /* Gesture */,
				A4D7E9991F1850F3005AB5D3 /* WMMenuView */,
				A4D7E9A21F1850F3005AB5D3 /* WMPageController.h */,
				A4D7E9A31F1850F3005AB5D3 /* WMPageController.m */,
			);
			path = WMPageController;
			sourceTree = "<group>";
		};
		A4D7E9961F1850F3005AB5D3 /* Gesture */ = {
			isa = PBXGroup;
			children = (
				A4D7E9971F1850F3005AB5D3 /* WMPanGestureRecognizer.h */,
				A4D7E9981F1850F3005AB5D3 /* WMPanGestureRecognizer.m */,
			);
			path = Gesture;
			sourceTree = "<group>";
		};
		A4D7E9991F1850F3005AB5D3 /* WMMenuView */ = {
			isa = PBXGroup;
			children = (
				A4D7E99A1F1850F3005AB5D3 /* WMMenuItem.h */,
				A4D7E99B1F1850F3005AB5D3 /* WMMenuItem.m */,
				A4D7E99C1F1850F3005AB5D3 /* WMMenuView.h */,
				A4D7E99D1F1850F3005AB5D3 /* WMMenuView.m */,
				A4D7E99E1F1850F3005AB5D3 /* WMProgressView.h */,
				A4D7E99F1F1850F3005AB5D3 /* WMProgressView.m */,
				A4D7E9A01F1850F3005AB5D3 /* WMScrollView.h */,
				A4D7E9A11F1850F3005AB5D3 /* WMScrollView.m */,
			);
			path = WMMenuView;
			sourceTree = "<group>";
		};
/* End PBXGroup section */

/* Begin PBXNativeTarget section */
		A48B6A791F1870B1002B6192 /* QHLibraryExample */ = {
			isa = PBXNativeTarget;
			buildConfigurationList = A48B6A8E1F1870B1002B6192 /* Build configuration list for PBXNativeTarget "QHLibraryExample" */;
			buildPhases = (
				A48B6A761F1870B1002B6192 /* Sources */,
				A48B6A771F1870B1002B6192 /* Frameworks */,
				A48B6A781F1870B1002B6192 /* Resources */,
			);
			buildRules = (
			);
			dependencies = (
			);
			name = QHLibraryExample;
			productName = QHLibraryExample;
			productReference = A48B6A7A1F1870B1002B6192 /* QHLibraryExample.app */;
			productType = "com.apple.product-type.application";
		};
/* End PBXNativeTarget section */

/* Begin PBXProject section */
		A43CADAB1EC59A47005A670D /* Project object */ = {
			isa = PBXProject;
			attributes = {
				LastUpgradeCheck = 0830;
				ORGANIZATIONNAME = karl.luo;
				TargetAttributes = {
					A48B6A791F1870B1002B6192 = {
						CreatedOnToolsVersion = 8.3.3;
						ProvisioningStyle = Automatic;
					};
				};
			};
			buildConfigurationList = A43CADAE1EC59A47005A670D /* Build configuration list for PBXProject "WZHLibrary" */;
			compatibilityVersion = "Xcode 3.2";
			developmentRegion = English;
			hasScannedForEncodings = 0;
			knownRegions = (
				en,
				Base,
			);
			mainGroup = A43CADAA1EC59A47005A670D;
			productRefGroup = A43CADB41EC59A47005A670D /* Products */;
			projectDirPath = "";
			projectRoot = "";
			targets = (
				A48B6A791F1870B1002B6192 /* QHLibraryExample */,
			);
		};
/* End PBXProject section */

/* Begin PBXResourcesBuildPhase section */
		A48B6A781F1870B1002B6192 /* Resources */ = {
			isa = PBXResourcesBuildPhase;
			buildActionMask = 2147483647;
			files = (
				A48B6A8C1F1870B1002B6192 /* LaunchScreen.storyboard in Resources */,
				A48B6A891F1870B1002B6192 /* Assets.xcassets in Resources */,
				A48B6A871F1870B1002B6192 /* Main.storyboard in Resources */,
			);
			runOnlyForDeploymentPostprocessing = 0;
		};
/* End PBXResourcesBuildPhase section */

/* Begin PBXSourcesBuildPhase section */
		A48B6A761F1870B1002B6192 /* Sources */ = {
			isa = PBXSourcesBuildPhase;
			buildActionMask = 2147483647;
			files = (
				A48B6A841F1870B1002B6192 /* ViewController.m in Sources */,
				A48B6A811F1870B1002B6192 /* AppDelegate.m in Sources */,
				A48B6A7E1F1870B1002B6192 /* main.m in Sources */,
			);
			runOnlyForDeploymentPostprocessing = 0;
		};
/* End PBXSourcesBuildPhase section */

/* Begin PBXVariantGroup section */
		A48B6A851F1870B1002B6192 /* Main.storyboard */ = {
			isa = PBXVariantGroup;
			children = (
				A48B6A861F1870B1002B6192 /* Base */,
			);
			name = Main.storyboard;
			sourceTree = "<group>";
		};
		A48B6A8A1F1870B1002B6192 /* LaunchScreen.storyboard */ = {
			isa = PBXVariantGroup;
			children = (
				A48B6A8B1F1870B1002B6192 /* Base */,
			);
			name = LaunchScreen.storyboard;
			sourceTree = "<group>";
		};
/* End PBXVariantGroup section */

/* Begin XCBuildConfiguration section */
		A43CADC81EC59A47005A670D /* Debug */ = {
			isa = XCBuildConfiguration;
			buildSettings = {
				ALWAYS_SEARCH_USER_PATHS = NO;
				CLANG_ANALYZER_NONNULL = YES;
				CLANG_ANALYZER_NUMBER_OBJECT_CONVERSION = YES_AGGRESSIVE;
				CLANG_CXX_LANGUAGE_STANDARD = "gnu++0x";
				CLANG_CXX_LIBRARY = "libc++";
				CLANG_ENABLE_MODULES = YES;
				CLANG_ENABLE_OBJC_ARC = YES;
				CLANG_WARN_BOOL_CONVERSION = YES;
				CLANG_WARN_CONSTANT_CONVERSION = YES;
				CLANG_WARN_DIRECT_OBJC_ISA_USAGE = YES_ERROR;
				CLANG_WARN_DOCUMENTATION_COMMENTS = YES;
				CLANG_WARN_EMPTY_BODY = YES;
				CLANG_WARN_ENUM_CONVERSION = YES;
				CLANG_WARN_INFINITE_RECURSION = YES;
				CLANG_WARN_INT_CONVERSION = YES;
				CLANG_WARN_OBJC_ROOT_CLASS = YES_ERROR;
				CLANG_WARN_SUSPICIOUS_MOVE = YES;
				CLANG_WARN_UNREACHABLE_CODE = YES;
				CLANG_WARN__DUPLICATE_METHOD_MATCH = YES;
				"CODE_SIGN_IDENTITY[sdk=iphoneos*]" = "iPhone Developer";
				COPY_PHASE_STRIP = NO;
				DEBUG_INFORMATION_FORMAT = dwarf;
				ENABLE_STRICT_OBJC_MSGSEND = YES;
				ENABLE_TESTABILITY = YES;
				GCC_C_LANGUAGE_STANDARD = gnu99;
				GCC_DYNAMIC_NO_PIC = NO;
				GCC_NO_COMMON_BLOCKS = YES;
				GCC_OPTIMIZATION_LEVEL = 0;
				GCC_PREPROCESSOR_DEFINITIONS = (
					"DEBUG=1",
					"$(inherited)",
				);
				GCC_WARN_64_TO_32_BIT_CONVERSION = YES;
				GCC_WARN_ABOUT_RETURN_TYPE = YES_ERROR;
				GCC_WARN_UNDECLARED_SELECTOR = YES;
				GCC_WARN_UNINITIALIZED_AUTOS = YES_AGGRESSIVE;
				GCC_WARN_UNUSED_FUNCTION = YES;
				GCC_WARN_UNUSED_VARIABLE = YES;
				IPHONEOS_DEPLOYMENT_TARGET = 10.3;
				MTL_ENABLE_DEBUG_INFO = YES;
				ONLY_ACTIVE_ARCH = YES;
				SDKROOT = iphoneos;
				TARGETED_DEVICE_FAMILY = "1,2";
			};
			name = Debug;
		};
		A43CADC91EC59A47005A670D /* Release */ = {
			isa = XCBuildConfiguration;
			buildSettings = {
				ALWAYS_SEARCH_USER_PATHS = NO;
				CLANG_ANALYZER_NONNULL = YES;
				CLANG_ANALYZER_NUMBER_OBJECT_CONVERSION = YES_AGGRESSIVE;
				CLANG_CXX_LANGUAGE_STANDARD = "gnu++0x";
				CLANG_CXX_LIBRARY = "libc++";
				CLANG_ENABLE_MODULES = YES;
				CLANG_ENABLE_OBJC_ARC = YES;
				CLANG_WARN_BOOL_CONVERSION = YES;
				CLANG_WARN_CONSTANT_CONVERSION = YES;
				CLANG_WARN_DIRECT_OBJC_ISA_USAGE = YES_ERROR;
				CLANG_WARN_DOCUMENTATION_COMMENTS = YES;
				CLANG_WARN_EMPTY_BODY = YES;
				CLANG_WARN_ENUM_CONVERSION = YES;
				CLANG_WARN_INFINITE_RECURSION = YES;
				CLANG_WARN_INT_CONVERSION = YES;
				CLANG_WARN_OBJC_ROOT_CLASS = YES_ERROR;
				CLANG_WARN_SUSPICIOUS_MOVE = YES;
				CLANG_WARN_UNREACHABLE_CODE = YES;
				CLANG_WARN__DUPLICATE_METHOD_MATCH = YES;
				"CODE_SIGN_IDENTITY[sdk=iphoneos*]" = "iPhone Developer";
				COPY_PHASE_STRIP = NO;
				DEBUG_INFORMATION_FORMAT = "dwarf-with-dsym";
				ENABLE_NS_ASSERTIONS = NO;
				ENABLE_STRICT_OBJC_MSGSEND = YES;
				GCC_C_LANGUAGE_STANDARD = gnu99;
				GCC_NO_COMMON_BLOCKS = YES;
				GCC_WARN_64_TO_32_BIT_CONVERSION = YES;
				GCC_WARN_ABOUT_RETURN_TYPE = YES_ERROR;
				GCC_WARN_UNDECLARED_SELECTOR = YES;
				GCC_WARN_UNINITIALIZED_AUTOS = YES_AGGRESSIVE;
				GCC_WARN_UNUSED_FUNCTION = YES;
				GCC_WARN_UNUSED_VARIABLE = YES;
				IPHONEOS_DEPLOYMENT_TARGET = 10.3;
				MTL_ENABLE_DEBUG_INFO = NO;
				SDKROOT = iphoneos;
				TARGETED_DEVICE_FAMILY = "1,2";
				VALIDATE_PRODUCT = YES;
			};
			name = Release;
		};
		A48B6A8F1F1870B1002B6192 /* Debug */ = {
			isa = XCBuildConfiguration;
			buildSettings = {
				ASSETCATALOG_COMPILER_APPICON_NAME = AppIcon;
				INFOPLIST_FILE = QHLibraryExample/Info.plist;
				IPHONEOS_DEPLOYMENT_TARGET = 8.0;
				LD_RUNPATH_SEARCH_PATHS = "$(inherited) @executable_path/Frameworks";
				PRODUCT_BUNDLE_IDENTIFIER = com.globalegrow.QHLibraryExample;
				PRODUCT_NAME = "$(TARGET_NAME)";
			};
			name = Debug;
		};
		A48B6A901F1870B1002B6192 /* Release */ = {
			isa = XCBuildConfiguration;
			buildSettings = {
				ASSETCATALOG_COMPILER_APPICON_NAME = AppIcon;
				INFOPLIST_FILE = QHLibraryExample/Info.plist;
				IPHONEOS_DEPLOYMENT_TARGET = 8.0;
				LD_RUNPATH_SEARCH_PATHS = "$(inherited) @executable_path/Frameworks";
				PRODUCT_BUNDLE_IDENTIFIER = com.globalegrow.QHLibraryExample;
				PRODUCT_NAME = "$(TARGET_NAME)";
			};
			name = Release;
		};
/* End XCBuildConfiguration section */

/* Begin XCConfigurationList section */
		A43CADAE1EC59A47005A670D /* Build configuration list for PBXProject "WZHLibrary" */ = {
			isa = XCConfigurationList;
			buildConfigurations = (
				A43CADC81EC59A47005A670D /* Debug */,
				A43CADC91EC59A47005A670D /* Release */,
			);
			defaultConfigurationIsVisible = 0;
			defaultConfigurationName = Release;
		};
		A48B6A8E1F1870B1002B6192 /* Build configuration list for PBXNativeTarget "QHLibraryExample" */ = {
			isa = XCConfigurationList;
			buildConfigurations = (
				A48B6A8F1F1870B1002B6192 /* Debug */,
				A48B6A901F1870B1002B6192 /* Release */,
			);
			defaultConfigurationIsVisible = 0;
		};
/* End XCConfigurationList section */
	};
	rootObject = A43CADAB1EC59A47005A670D /* Project object */;
}
